{
  "originHash" : "b032e0518b424af2fda2a650f4603a8c18b9fe877cc969fc4804fb2c49a0fc94",
  "pins" : [
    {
      "identity" : "calendarkit",
      "kind" : "remoteSourceControl",
      "location" : "https://github.com/richardtop/CalendarKit.git",
      "state" : {
        "revision" : "89e02a1472e9ad815ae72b62fd15430144fd1c4c",
        "version" : "1.1.11"
      }
    },
    {
      "identity" : "keychainaccess",
      "kind" : "remoteSourceControl",
      "location" : "https://github.com/kishikawakatsumi/KeychainAccess",
      "state" : {
        "branch" : "master",
        "revision" : "e0c7eebc5a4465a3c4680764f26b7a61f567cdaf"
      }
    },
    {
      "identity" : "swipecellkit",
      "kind" : "remoteSourceControl",
      "location" : "https://github.com/swipecellkit/swipecellkit.git",
      "state" : {
        "revision" : "7219cad3098637176ace311510d11467dbfb9bb0",
        "version" : "2.7.1"
      }
    }
  ],
  "version" : 3
}
